
Microsoft Visual Studio Solution File, Format Version 12.00
# Visual Studio Version 17
VisualStudioVersion = 17.0.32802.463
MinimumVisualStudioVersion = 10.0.40219.1
Project("{9A19103F-16F7-4668-BE54-9A1E7A4F7556}") = "Trisoft.ISHRemote", "Trisoft.ISHRemote\Trisoft.ISHRemote.csproj", "{A86D41D8-600D-4FF2-BFF6-19C3D26CBB69}"
EndProject
Project("{9A19103F-16F7-4668-BE54-9A1E7A4F7556}") = "Trisoft.ISHRemote.OpenApiISH30", "Trisoft.ISHRemote.OpenApiISH30\Trisoft.ISHRemote.OpenApiISH30.csproj", "{E7C61499-DDD9-4DBC-B26D-0FE753D8BAAF}"
EndProject
Global
	GlobalSection(SolutionConfigurationPlatforms) = preSolution
		Debug|Any CPU = Debug|Any CPU
		Release|Any CPU = Release|Any CPU
	EndGlobalSection
	GlobalSection(ProjectConfigurationPlatforms) = postSolution
		{A86D41D8-600D-4FF2-BFF6-19C3D26CBB69}.Debug|Any CPU.ActiveCfg = Debug|Any CPU
		{A86D41D8-600D-4FF2-BFF6-19C3D26CBB69}.Debug|Any CPU.Build.0 = Debug|Any CPU
		{A86D41D8-600D-4FF2-BFF6-19C3D26CBB69}.Release|Any CPU.ActiveCfg = Release|Any CPU
		{A86D41D8-600D-4FF2-BFF6-19C3D26CBB69}.Release|Any CPU.Build.0 = Release|Any CPU
		{E7C61499-DDD9-4DBC-B26D-0FE753D8BAAF}.Debug|Any CPU.ActiveCfg = Debug|Any CPU
		{E7C61499-DDD9-4DBC-B26D-0FE753D8BAAF}.Debug|Any CPU.Build.0 = Debug|Any CPU
		{E7C61499-DDD9-4DBC-B26D-0FE753D8BAAF}.Release|Any CPU.ActiveCfg = Release|Any CPU
		{E7C61499-DDD9-4DBC-B26D-0FE753D8BAAF}.Release|Any CPU.Build.0 = Release|Any CPU
	EndGlobalSection
	GlobalSection(SolutionProperties) = preSolution
		HideSolutionNode = FALSE
	EndGlobalSection
	GlobalSection(ExtensibilityGlobals) = postSolution
		SolutionGuid = {34D632D1-B7DF-4F53-8C77-01287855A61F}
	EndGlobalSection
EndGlobal
